// !$*UTF8*$!
{
	archiveVersion = 1;
	classes = {
	};
	objectVersion = 56;
	objects = {

/* Begin PBXBuildFile section */
		93515EC52B2940540054B257 /* AppDelegate.swift in Sources */ = {isa = PBXBuildFile; fileRef = 93515EC42B2940540054B257 /* AppDelegate.swift */; };
		93515EC72B2940540054B257 /* SceneDelegate.swift in Sources */ = {isa = PBXBuildFile; fileRef = 93515EC62B2940540054B257 /* SceneDelegate.swift */; };
		93515EC92B2940540054B257 /* ViewController.swift in Sources */ = {isa = PBXBuildFile; fileRef = 93515EC82B2940540054B257 /* ViewController.swift */; };
		93515ECC2B2940540054B257 /* Main.storyboard in Resources */ = {isa = PBXBuildFile; fileRef = 93515ECA2B2940540054B257 /* Main.storyboard */; };
		93515ECE2B2940560054B257 /* Assets.xcassets in Resources */ = {isa = PBXBuildFile; fileRef = 93515ECD2B2940560054B257 /* Assets.xcassets */; };
		93515ED12B2940560054B257 /* LaunchScreen.storyboard in Resources */ = {isa = PBXBuildFile; fileRef = 93515ECF2B2940560054B257 /* LaunchScreen.storyboard */; };
		93515EDC2B2940560054B257 /* QuizTests.swift in Sources */ = {isa = PBXBuildFile; fileRef = 93515EDB2B2940560054B257 /* QuizTests.swift */; };
		93515EE62B2940560054B257 /* QuizUITests.swift in Sources */ = {isa = PBXBuildFile; fileRef = 93515EE52B2940560054B257 /* QuizUITests.swift */; };
		93515EE82B2940560054B257 /* QuizUITestsLaunchTests.swift in Sources */ = {isa = PBXBuildFile; fileRef = 93515EE72B2940560054B257 /* QuizUITestsLaunchTests.swift */; };
		935D5B752B47BADB00A18310 /* ResultViewController.swift in Sources */ = {isa = PBXBuildFile; fileRef = 935D5B742B47BADB00A18310 /* ResultViewController.swift */; };
		939C84B22B3D03F9002F722B /* Quiz.swift in Sources */ = {isa = PBXBuildFile; fileRef = 939C84B12B3D03F9002F722B /* Quiz.swift */; };
		939C84B42B3D28A9002F722B /* QuizManager.swift in Sources */ = {isa = PBXBuildFile; fileRef = 939C84B32B3D28A9002F722B /* QuizManager.swift */; };
		93FF14782B32AF3200470F8B /* QuizViewController.swift in Sources */ = {isa = PBXBuildFile; fileRef = 93FF14772B32AF3200470F8B /* QuizViewController.swift */; };
		93FF147A2B32C89100470F8B /* QuizCard.swift in Sources */ = {isa = PBXBuildFile; fileRef = 93FF14792B32C89100470F8B /* QuizCard.swift */; };
/* End PBXBuildFile section */

/* Begin PBXContainerItemProxy section */
		93515ED82B2940560054B257 /* PBXContainerItemProxy */ = {
			isa = PBXContainerItemProxy;
			containerPortal = 93515EB92B2940540054B257 /* Project object */;
			proxyType = 1;
			remoteGlobalIDString = 93515EC02B2940540054B257;
			remoteInfo = Quiz;
		};
		93515EE22B2940560054B257 /* PBXContainerItemProxy */ = {
			isa = PBXContainerItemProxy;
			containerPortal = 93515EB92B2940540054B257 /* Project object */;
			proxyType = 1;
			remoteGlobalIDString = 93515EC02B2940540054B257;
			remoteInfo = Quiz;
		};
/* End PBXContainerItemProxy section */

/* Begin PBXFileReference section */
		93515EC12B2940540054B257 /* Quiz.app */ = {isa = PBXFileReference; explicitFileType = wrapper.application; includeInIndex = 0; path = Quiz.app; sourceTree = BUILT_PRODUCTS_DIR; };
		93515EC42B2940540054B257 /* AppDelegate.swift */ = {isa = PBXFileReference; lastKnownFileType = sourcecode.swift; path = AppDelegate.swift; sourceTree = "<group>"; };
		93515EC62B2940540054B257 /* SceneDelegate.swift */ = {isa = PBXFileReference; lastKnownFileType = sourcecode.swift; path = SceneDelegate.swift; sourceTree = "<group>"; };
		93515EC82B2940540054B257 /* ViewController.swift */ = {isa = PBXFileReference; lastKnownFileType = sourcecode.swift; path = ViewController.swift; sourceTree = "<group>"; };
		93515ECB2B2940540054B257 /* Base */ = {isa = PBXFileReference; lastKnownFileType = file.storyboard; name = Base; path = Base.lproj/Main.storyboard; sourceTree = "<group>"; };
		93515ECD2B2940560054B257 /* Assets.xcassets */ = {isa = PBXFileReference; lastKnownFileType = folder.assetcatalog; path = Assets.xcassets; sourceTree = "<group>"; };
		93515ED02B2940560054B257 /* Base */ = {isa = PBXFileReference; lastKnownFileType = file.storyboard; name = Base; path = Base.lproj/LaunchScreen.storyboard; sourceTree = "<group>"; };
		93515ED22B2940560054B257 /* Info.plist */ = {isa = PBXFileReference; lastKnownFileType = text.plist.xml; path = Info.plist; sourceTree = "<group>"; };
		93515ED72B2940560054B257 /* QuizTests.xctest */ = {isa = PBXFileReference; explicitFileType = wrapper.cfbundle; includeInIndex = 0; path = QuizTests.xctest; sourceTree = BUILT_PRODUCTS_DIR; };
		93515EDB2B2940560054B257 /* QuizTests.swift */ = {isa = PBXFileReference; lastKnownFileType = sourcecode.swift; path = QuizTests.swift; sourceTree = "<group>"; };
		93515EE12B2940560054B257 /* QuizUITests.xctest */ = {isa = PBXFileReference; explicitFileType = wrapper.cfbundle; includeInIndex = 0; path = QuizUITests.xctest; sourceTree = BUILT_PRODUCTS_DIR; };
		93515EE52B2940560054B257 /* QuizUITests.swift */ = {isa = PBXFileReference; lastKnownFileType = sourcecode.swift; path = QuizUITests.swift; sourceTree = "<group>"; };
		93515EE72B2940560054B257 /* QuizUITestsLaunchTests.swift */ = {isa = PBXFileReference; lastKnownFileType = sourcecode.swift; path = QuizUITestsLaunchTests.swift; sourceTree = "<group>"; };
		935D5B742B47BADB00A18310 /* ResultViewController.swift */ = {isa = PBXFileReference; lastKnownFileType = sourcecode.swift; path = ResultViewController.swift; sourceTree = "<group>"; };
		939C84B12B3D03F9002F722B /* Quiz.swift */ = {isa = PBXFileReference; lastKnownFileType = sourcecode.swift; path = Quiz.swift; sourceTree = "<group>"; };
		939C84B32B3D28A9002F722B /* QuizManager.swift */ = {isa = PBXFileReference; lastKnownFileType = sourcecode.swift; path = QuizManager.swift; sourceTree = "<group>"; };
		93FF14772B32AF3200470F8B /* QuizViewController.swift */ = {isa = PBXFileReference; lastKnownFileType = sourcecode.swift; path = QuizViewController.swift; sourceTree = "<group>"; };
		93FF14792B32C89100470F8B /* QuizCard.swift */ = {isa = PBXFileReference; lastKnownFileType = sourcecode.swift; path = QuizCard.swift; sourceTree = "<group>"; };
/* End PBXFileReference section */

/* Begin PBXFrameworksBuildPhase section */
		93515EBE2B2940540054B257 /* Frameworks */ = {
			isa = PBXFrameworksBuildPhase;
			buildActionMask = 2147483647;
			files = (
			);
			runOnlyForDeploymentPostprocessing = 0;
		};
		93515ED42B2940560054B257 /* Frameworks */ = {
			isa = PBXFrameworksBuildPhase;
			buildActionMask = 2147483647;
			files = (
			);
			runOnlyForDeploymentPostprocessing = 0;
		};
		93515EDE2B2940560054B257 /* Frameworks */ = {
			isa = PBXFrameworksBuildPhase;
			buildActionMask = 2147483647;
			files = (
			);
			runOnlyForDeploymentPostprocessing = 0;
		};
/* End PBXFrameworksBuildPhase section */

/* Begin PBXGroup section */
		93515EB82B2940540054B257 = {
			isa = PBXGroup;
			children = (
				939C84B32B3D28A9002F722B /* QuizManager.swift */,
				935D5B742B47BADB00A18310 /* ResultViewController.swift */,
				939C84B12B3D03F9002F722B /* Quiz.swift */,
				93515EC32B2940540054B257 /* Quiz */,
				93515EDA2B2940560054B257 /* QuizTests */,
				93515EE42B2940560054B257 /* QuizUITests */,
				93515EC22B2940540054B257 /* Products */,
			);
			sourceTree = "<group>";
		};
		93515EC22B2940540054B257 /* Products */ = {
			isa = PBXGroup;
			children = (
				93515EC12B2940540054B257 /* Quiz.app */,
				93515ED72B2940560054B257 /* QuizTests.xctest */,
				93515EE12B2940560054B257 /* QuizUITests.xctest */,
			);
			name = Products;
			sourceTree = "<group>";
		};
		93515EC32B2940540054B257 /* Quiz */ = {
			isa = PBXGroup;
			children = (
				93515EC42B2940540054B257 /* AppDelegate.swift */,
				93515EC62B2940540054B257 /* SceneDelegate.swift */,
				93515EC82B2940540054B257 /* ViewController.swift */,
				93FF14772B32AF3200470F8B /* QuizViewController.swift */,
				93FF14792B32C89100470F8B /* QuizCard.swift */,
				93515ECA2B2940540054B257 /* Main.storyboard */,
				93515ECD2B2940560054B257 /* Assets.xcassets */,
				93515ECF2B2940560054B257 /* LaunchScreen.storyboard */,
				93515ED22B2940560054B257 /* Info.plist */,
			);
			path = Quiz;
			sourceTree = "<group>";
		};
		93515EDA2B2940560054B257 /* QuizTests */ = {
			isa = PBXGroup;
			children = (
				93515EDB2B2940560054B257 /* QuizTests.swift */,
			);
			path = QuizTests;
			sourceTree = "<group>";
		};
		93515EE42B2940560054B257 /* QuizUITests */ = {
			isa = PBXGroup;
			children = (
				93515EE52B2940560054B257 /* QuizUITests.swift */,
				93515EE72B2940560054B257 /* QuizUITestsLaunchTests.swift */,
			);
			path = QuizUITests;
			sourceTree = "<group>";
		};
/* End PBXGroup section */

/* Begin PBXNativeTarget section */
		93515EC02B2940540054B257 /* Quiz */ = {
			isa = PBXNativeTarget;
			buildConfigurationList = 93515EEB2B2940560054B257 /* Build configuration list for PBXNativeTarget "Quiz" */;
			buildPhases = (
				93515EBD2B2940540054B257 /* Sources */,
				93515EBE2B2940540054B257 /* Frameworks */,
				93515EBF2B2940540054B257 /* Resources */,
			);
			buildRules = (
			);
			dependencies = (
			);
			name = Quiz;
			productName = Quiz;
			productReference = 93515EC12B2940540054B257 /* Quiz.app */;
			productType = "com.apple.product-type.application";
		};
		93515ED62B2940560054B257 /* QuizTests */ = {
			isa = PBXNativeTarget;
			buildConfigurationList = 93515EEE2B2940560054B257 /* Build configuration list for PBXNativeTarget "QuizTests" */;
			buildPhases = (
				93515ED32B2940560054B257 /* Sources */,
				93515ED42B2940560054B257 /* Frameworks */,
				93515ED52B2940560054B257 /* Resources */,
			);
			buildRules = (
			);
			dependencies = (
				93515ED92B2940560054B257 /* PBXTargetDependency */,
			);
			name = QuizTests;
			productName = QuizTests;
			productReference = 93515ED72B2940560054B257 /* QuizTests.xctest */;
			productType = "com.apple.product-type.bundle.unit-test";
		};
		93515EE02B2940560054B257 /* QuizUITests */ = {
			isa = PBXNativeTarget;
			buildConfigurationList = 93515EF12B2940560054B257 /* Build configuration list for PBXNativeTarget "QuizUITests" */;
			buildPhases = (
				93515EDD2B2940560054B257 /* Sources */,
				93515EDE2B2940560054B257 /* Frameworks */,
				93515EDF2B2940560054B257 /* Resources */,
			);
			buildRules = (
			);
			dependencies = (
				93515EE32B2940560054B257 /* PBXTargetDependency */,
			);
			name = QuizUITests;
			productName = QuizUITests;
			productReference = 93515EE12B2940560054B257 /* QuizUITests.xctest */;
			productType = "com.apple.product-type.bundle.ui-testing";
		};
/* End PBXNativeTarget section */

/* Begin PBXProject section */
		93515EB92B2940540054B257 /* Project object */ = {
			isa = PBXProject;
			attributes = {
				BuildIndependentTargetsInParallel = 1;
				LastSwiftUpdateCheck = 1430;
				LastUpgradeCheck = 1430;
				TargetAttributes = {
					93515EC02B2940540054B257 = {
						CreatedOnToolsVersion = 14.3.1;
					};
					93515ED62B2940560054B257 = {
						CreatedOnToolsVersion = 14.3.1;
						TestTargetID = 93515EC02B2940540054B257;
					};
					93515EE02B2940560054B257 = {
						CreatedOnToolsVersion = 14.3.1;
						TestTargetID = 93515EC02B2940540054B257;
					};
				};
			};
			buildConfigurationList = 93515EBC2B2940540054B257 /* Build configuration list for PBXProject "Quiz" */;
			compatibilityVersion = "Xcode 14.0";
			developmentRegion = en;
			hasScannedForEncodings = 0;
			knownRegions = (
				en,
				Base,
			);
			mainGroup = 93515EB82B2940540054B257;
			productRefGroup = 93515EC22B2940540054B257 /* Products */;
			projectDirPath = "";
			projectRoot = "";
			targets = (
				93515EC02B2940540054B257 /* Quiz */,
				93515ED62B2940560054B257 /* QuizTests */,
				93515EE02B2940560054B257 /* QuizUITests */,
			);
		};
/* End PBXProject section */

/* Begin PBXResourcesBuildPhase section */
		93515EBF2B2940540054B257 /* Resources */ = {
			isa = PBXResourcesBuildPhase;
			buildActionMask = 2147483647;
			files = (
				93515ED12B2940560054B257 /* LaunchScreen.storyboard in Resources */,
				93515ECE2B2940560054B257 /* Assets.xcassets in Resources */,
				93515ECC2B2940540054B257 /* Main.storyboard in Resources */,
			);
			runOnlyForDeploymentPostprocessing = 0;
		};
		93515ED52B2940560054B257 /* Resources */ = {
			isa = PBXResourcesBuildPhase;
			buildActionMask = 2147483647;
			files = (
			);
			runOnlyForDeploymentPostprocessing = 0;
		};
		93515EDF2B2940560054B257 /* Resources */ = {
			isa = PBXResourcesBuildPhase;
			buildActionMask = 2147483647;
			files = (
			);
			runOnlyForDeploymentPostprocessing = 0;
		};
/* End PBXResourcesBuildPhase section */

/* Begin PBXSourcesBuildPhase section */
		93515EBD2B2940540054B257 /* Sources */ = {
			isa = PBXSourcesBuildPhase;
			buildActionMask = 2147483647;
			files = (
				93515EC92B2940540054B257 /* ViewController.swift in Sources */,
				93515EC52B2940540054B257 /* AppDelegate.swift in Sources */,
				939C84B22B3D03F9002F722B /* Quiz.swift in Sources */,
				935D5B752B47BADB00A18310 /* ResultViewController.swift in Sources */,
				939C84B42B3D28A9002F722B /* QuizManager.swift in Sources */,
				93515EC72B2940540054B257 /* SceneDelegate.swift in Sources */,
				93FF147A2B32C89100470F8B /* QuizCard.swift in Sources */,
				93FF14782B32AF3200470F8B /* QuizViewController.swift in Sources */,
			);
			runOnlyForDeploymentPostprocessing = 0;
		};
		93515ED32B2940560054B257 /* Sources */ = {
			isa = PBXSourcesBuildPhase;
			buildActionMask = 2147483647;
			files = (
				93515EDC2B2940560054B257 /* QuizTests.swift in Sources */,
			);
			runOnlyForDeploymentPostprocessing = 0;
		};
		93515EDD2B2940560054B257 /* Sources */ = {
			isa = PBXSourcesBuildPhase;
			buildActionMask = 2147483647;
			files = (
				93515EE62B2940560054B257 /* QuizUITests.swift in Sources */,
				93515EE82B2940560054B257 /* QuizUITestsLaunchTests.swift in Sources */,
			);
			runOnlyForDeploymentPostprocessing = 0;
		};
/* End PBXSourcesBuildPhase section */

/* Begin PBXTargetDependency section */
		93515ED92B2940560054B257 /* PBXTargetDependency */ = {
			isa = PBXTargetDependency;
			target = 93515EC02B2940540054B257 /* Quiz */;
			targetProxy = 93515ED82B2940560054B257 /* PBXContainerItemProxy */;
		};
		93515EE32B2940560054B257 /* PBXTargetDependency */ = {
			isa = PBXTargetDependency;
			target = 93515EC02B2940540054B257 /* Quiz */;
			targetProxy = 93515EE22B2940560054B257 /* PBXContainerItemProxy */;
		};
/* End PBXTargetDependency section */

/* Begin PBXVariantGroup section */
		93515ECA2B2940540054B257 /* Main.storyboard */ = {
			isa = PBXVariantGroup;
			children = (
				93515ECB2B2940540054B257 /* Base */,
			);
			name = Main.storyboard;
			sourceTree = "<group>";
		};
		93515ECF2B2940560054B257 /* LaunchScreen.storyboard */ = {
			isa = PBXVariantGroup;
			children = (
				93515ED02B2940560054B257 /* Base */,
			);
			name = LaunchScreen.storyboard;
			sourceTree = "<group>";
		};
/* End PBXVariantGroup section */

/* Begin XCBuildConfiguration section */
		93515EE92B2940560054B257 /* Debug */ = {
			isa = XCBuildConfiguration;
			buildSettings = {
				ALWAYS_SEARCH_USER_PATHS = NO;
				CLANG_ANALYZER_NONNULL = YES;
				CLANG_ANALYZER_NUMBER_OBJECT_CONVERSION = YES_AGGRESSIVE;
				CLANG_CXX_LANGUAGE_STANDARD = "gnu++20";
				CLANG_ENABLE_MODULES = YES;
				CLANG_ENABLE_OBJC_ARC = YES;
				CLANG_ENABLE_OBJC_WEAK = YES;
				CLANG_WARN_BLOCK_CAPTURE_AUTORELEASING = YES;
				CLANG_WARN_BOOL_CONVERSION = YES;
				CLANG_WARN_COMMA = YES;
				CLANG_WARN_CONSTANT_CONVERSION = YES;
				CLANG_WARN_DEPRECATED_OBJC_IMPLEMENTATIONS = YES;
				CLANG_WARN_DIRECT_OBJC_ISA_USAGE = YES_ERROR;
				CLANG_WARN_DOCUMENTATION_COMMENTS = YES;
				CLANG_WARN_EMPTY_BODY = YES;
				CLANG_WARN_ENUM_CONVERSION = YES;
				CLANG_WARN_INFINITE_RECURSION = YES;
				CLANG_WARN_INT_CONVERSION = YES;
				CLANG_WARN_NON_LITERAL_NULL_CONVERSION = YES;
				CLANG_WARN_OBJC_IMPLICIT_RETAIN_SELF = YES;
				CLANG_WARN_OBJC_LITERAL_CONVERSION = YES;
				CLANG_WARN_OBJC_ROOT_CLASS = YES_ERROR;
				CLANG_WARN_QUOTED_INCLUDE_IN_FRAMEWORK_HEADER = YES;
				CLANG_WARN_RANGE_LOOP_ANALYSIS = YES;
				CLANG_WARN_STRICT_PROTOTYPES = YES;
				CLANG_WARN_SUSPICIOUS_MOVE = YES;
				CLANG_WARN_UNGUARDED_AVAILABILITY = YES_AGGRESSIVE;
				CLANG_WARN_UNREACHABLE_CODE = YES;
				CLANG_WARN__DUPLICATE_METHOD_MATCH = YES;
				COPY_PHASE_STRIP = NO;
				DEBUG_INFORMATION_FORMAT = dwarf;
				ENABLE_STRICT_OBJC_MSGSEND = YES;
				ENABLE_TESTABILITY = YES;
				GCC_C_LANGUAGE_STANDARD = gnu11;
				GCC_DYNAMIC_NO_PIC = NO;
				GCC_NO_COMMON_BLOCKS = YES;
				GCC_OPTIMIZATION_LEVEL = 0;
				GCC_PREPROCESSOR_DEFINITIONS = (
					"DEBUG=1",
					"$(inherited)",
				);
				GCC_WARN_64_TO_32_BIT_CONVERSION = YES;
				GCC_WARN_ABOUT_RETURN_TYPE = YES_ERROR;
				GCC_WARN_UNDECLARED_SELECTOR = YES;
				GCC_WARN_UNINITIALIZED_AUTOS = YES_AGGRESSIVE;
				GCC_WARN_UNUSED_FUNCTION = YES;
				GCC_WARN_UNUSED_VARIABLE = YES;
				IPHONEOS_DEPLOYMENT_TARGET = 16.4;
				MTL_ENABLE_DEBUG_INFO = INCLUDE_SOURCE;
				MTL_FAST_MATH = YES;
				ONLY_ACTIVE_ARCH = YES;
				SDKROOT = iphoneos;
				SWIFT_ACTIVE_COMPILATION_CONDITIONS = DEBUG;
				SWIFT_OPTIMIZATION_LEVEL = "-Onone";
			};
			name = Debug;
		};
		93515EEA2B2940560054B257 /* Release */ = {
			isa = XCBuildConfiguration;
			buildSettings = {
				ALWAYS_SEARCH_USER_PATHS = NO;
				CLANG_ANALYZER_NONNULL = YES;
				CLANG_ANALYZER_NUMBER_OBJECT_CONVERSION = YES_AGGRESSIVE;
				CLANG_CXX_LANGUAGE_STANDARD = "gnu++20";
				CLANG_ENABLE_MODULES = YES;
				CLANG_ENABLE_OBJC_ARC = YES;
				CLANG_ENABLE_OBJC_WEAK = YES;
				CLANG_WARN_BLOCK_CAPTURE_AUTORELEASING = YES;
				CLANG_WARN_BOOL_CONVERSION = YES;
				CLANG_WARN_COMMA = YES;
				CLANG_WARN_CONSTANT_CONVERSION = YES;
				CLANG_WARN_DEPRECATED_OBJC_IMPLEMENTATIONS = YES;
				CLANG_WARN_DIRECT_OBJC_ISA_USAGE = YES_ERROR;
				CLANG_WARN_DOCUMENTATION_COMMENTS = YES;
				CLANG_WARN_EMPTY_BODY = YES;
				CLANG_WARN_ENUM_CONVERSION = YES;
				CLANG_WARN_INFINITE_RECURSION = YES;
				CLANG_WARN_INT_CONVERSION = YES;
				CLANG_WARN_NON_LITERAL_NULL_CONVERSION = YES;
				CLANG_WARN_OBJC_IMPLICIT_RETAIN_SELF = YES;
				CLANG_WARN_OBJC_LITERAL_CONVERSION = YES;
				CLANG_WARN_OBJC_ROOT_CLASS = YES_ERROR;
				CLANG_WARN_QUOTED_INCLUDE_IN_FRAMEWORK_HEADER = YES;
				CLANG_WARN_RANGE_LOOP_ANALYSIS = YES;
				CLANG_WARN_STRICT_PROTOTYPES = YES;
				CLANG_WARN_SUSPICIOUS_MOVE = YES;
				CLANG_WARN_UNGUARDED_AVAILABILITY = YES_AGGRESSIVE;
				CLANG_WARN_UNREACHABLE_CODE = YES;
				CLANG_WARN__DUPLICATE_METHOD_MATCH = YES;
				COPY_PHASE_STRIP = NO;
				DEBUG_INFORMATION_FORMAT = "dwarf-with-dsym";
				ENABLE_NS_ASSERTIONS = NO;
				ENABLE_STRICT_OBJC_MSGSEND = YES;
				GCC_C_LANGUAGE_STANDARD = gnu11;
				GCC_NO_COMMON_BLOCKS = YES;
				GCC_WARN_64_TO_32_BIT_CONVERSION = YES;
				GCC_WARN_ABOUT_RETURN_TYPE = YES_ERROR;
				GCC_WARN_UNDECLARED_SELECTOR = YES;
				GCC_WARN_UNINITIALIZED_AUTOS = YES_AGGRESSIVE;
				GCC_WARN_UNUSED_FUNCTION = YES;
				GCC_WARN_UNUSED_VARIABLE = YES;
				IPHONEOS_DEPLOYMENT_TARGET = 16.4;
				MTL_ENABLE_DEBUG_INFO = NO;
				MTL_FAST_MATH = YES;
				SDKROOT = iphoneos;
				SWIFT_COMPILATION_MODE = wholemodule;
				SWIFT_OPTIMIZATION_LEVEL = "-O";
				VALIDATE_PRODUCT = YES;
			};
			name = Release;
		};
		93515EEC2B2940560054B257 /* Debug */ = {
			isa = XCBuildConfiguration;
			buildSettings = {
				ASSETCATALOG_COMPILER_APPICON_NAME = AppIcon;
				ASSETCATALOG_COMPILER_GLOBAL_ACCENT_COLOR_NAME = AccentColor;
				CODE_SIGN_STYLE = Automatic;
				CURRENT_PROJECT_VERSION = 1;
				DEVELOPMENT_TEAM = 5MU9H4WLWW;
				GENERATE_INFOPLIST_FILE = YES;
				INFOPLIST_FILE = Quiz/Info.plist;
				INFOPLIST_KEY_UIApplicationSupportsIndirectInputEvents = YES;
				INFOPLIST_KEY_UILaunchStoryboardName = LaunchScreen.storyboard;
				INFOPLIST_KEY_UIMainStoryboardFile = Main;
				INFOPLIST_KEY_UISupportedInterfaceOrientations_iPad = "UIInterfaceOrientationPortrait UIInterfaceOrientationPortraitUpsideDown UIInterfaceOrientationLandscapeLeft UIInterfaceOrientationLandscapeRight";
				INFOPLIST_KEY_UISupportedInterfaceOrientations_iPhone = "UIInterfaceOrientationPortrait UIInterfaceOrientationLandscapeLeft UIInterfaceOrientationLandscapeRight";
				IPHONEOS_DEPLOYMENT_TARGET = 16.0;
				LD_RUNPATH_SEARCH_PATHS = (
					"$(inherited)",
					"@executable_path/Frameworks",
				);
				MARKETING_VERSION = 1.0;
				PRODUCT_BUNDLE_IDENTIFIER = jp.wings.apps.Quiz20240110;
				PRODUCT_NAME = "$(TARGET_NAME)";
				SWIFT_EMIT_LOC_STRINGS = YES;
				SWIFT_VERSION = 5.0;
				TARGETED_DEVICE_FAMILY = "1,2";
			};
			name = Debug;
		};
		93515EED2B2940560054B257 /* Release */ = {
			isa = XCBuildConfiguration;
			buildSettings = {
				ASSETCATALOG_COMPILER_APPICON_NAME = AppIcon;
				ASSETCATALOG_COMPILER_GLOBAL_ACCENT_COLOR_NAME = AccentColor;
				CODE_SIGN_STYLE = Automatic;
				CURRENT_PROJECT_VERSION = 1;
				DEVELOPMENT_TEAM = 5MU9H4WLWW;
				GENERATE_INFOPLIST_FILE = YES;
				INFOPLIST_FILE = Quiz/Info.plist;
				INFOPLIST_KEY_UIApplicationSupportsIndirectInputEvents = YES;
				INFOPLIST_KEY_UILaunchStoryboardName = LaunchScreen.storyboard;
				INFOPLIST_KEY_UIMainStoryboardFile = Main;
				INFOPLIST_KEY_UISupportedInterfaceOrientations_iPad = "UIInterfaceOrientationPortrait UIInterfaceOrientationPortraitUpsideDown UIInterfaceOrientationLandscapeLeft UIInterfaceOrientationLandscapeRight";
				INFOPLIST_KEY_UISupportedInterfaceOrientations_iPhone = "UIInterfaceOrientationPortrait UIInterfaceOrientationLandscapeLeft UIInterfaceOrientationLandscapeRight";
				IPHONEOS_DEPLOYMENT_TARGET = 16.0;
				LD_RUNPATH_SEARCH_PATHS = (
					"$(inherited)",
					"@executable_path/Frameworks",
				);
				MARKETING_VERSION = 1.0;
				PRODUCT_BUNDLE_IDENTIFIER = jp.wings.apps.Quiz20240110;
				PRODUCT_NAME = "$(TARGET_NAME)";
				SWIFT_EMIT_LOC_STRINGS = YES;
				SWIFT_VERSION = 5.0;
				TARGETED_DEVICE_FAMILY = "1,2";
			};
			name = Release;
		};
		93515EEF2B2940560054B257 /* Debug */ = {
			isa = XCBuildConfiguration;
			buildSettings = {
				ALWAYS_EMBED_SWIFT_STANDARD_LIBRARIES = YES;
				BUNDLE_LOADER = "$(TEST_HOST)";
				CODE_SIGN_STYLE = Automatic;
				CURRENT_PROJECT_VERSION = 1;
				GENERATE_INFOPLIST_FILE = YES;
				IPHONEOS_DEPLOYMENT_TARGET = 16.4;
				MARKETING_VERSION = 1.0;
				PRODUCT_BUNDLE_IDENTIFIER = jp.wings.apps.QuizTests;
				PRODUCT_NAME = "$(TARGET_NAME)";
				SWIFT_EMIT_LOC_STRINGS = NO;
				SWIFT_VERSION = 5.0;
				TARGETED_DEVICE_FAMILY = "1,2";
				TEST_HOST = "$(BUILT_PRODUCTS_DIR)/Quiz.app/$(BUNDLE_EXECUTABLE_FOLDER_PATH)/Quiz";
			};
			name = Debug;
		};
		93515EF02B2940560054B257 /* Release */ = {
			isa = XCBuildConfiguration;
			buildSettings = {
				ALWAYS_EMBED_SWIFT_STANDARD_LIBRARIES = YES;
				BUNDLE_LOADER = "$(TEST_HOST)";
				CODE_SIGN_STYLE = Automatic;
				CURRENT_PROJECT_VERSION = 1;
				GENERATE_INFOPLIST_FILE = YES;
				IPHONEOS_DEPLOYMENT_TARGET = 16.4;
				MARKETING_VERSION = 1.0;
				PRODUCT_BUNDLE_IDENTIFIER = jp.wings.apps.QuizTests;
				PRODUCT_NAME = "$(TARGET_NAME)";
				SWIFT_EMIT_LOC_STRINGS = NO;
				SWIFT_VERSION = 5.0;
				TARGETED_DEVICE_FAMILY = "1,2";
				TEST_HOST = "$(BUILT_PRODUCTS_DIR)/Quiz.app/$(BUNDLE_EXECUTABLE_FOLDER_PATH)/Quiz";
			};
			name = Release;
		};
		93515EF22B2940560054B257 /* Debug */ = {
			isa = XCBuildConfiguration;
			buildSettings = {
				ALWAYS_EMBED_SWIFT_STANDARD_LIBRARIES = YES;
				CODE_SIGN_STYLE = Automatic;
				CURRENT_PROJECT_VERSION = 1;
				GENERATE_INFOPLIST_FILE = YES;
				MARKETING_VERSION = 1.0;
				PRODUCT_BUNDLE_IDENTIFIER = jp.wings.apps.QuizUITests;
				PRODUCT_NAME = "$(TARGET_NAME)";
				SWIFT_EMIT_LOC_STRINGS = NO;
				SWIFT_VERSION = 5.0;
				TARGETED_DEVICE_FAMILY = "1,2";
				TEST_TARGET_NAME = Quiz;
			};
			name = Debug;
		};
		93515EF32B2940560054B257 /* Release */ = {
			isa = XCBuildConfiguration;
			buildSettings = {
				ALWAYS_EMBED_SWIFT_STANDARD_LIBRARIES = YES;
				CODE_SIGN_STYLE = Automatic;
				CURRENT_PROJECT_VERSION = 1;
				GENERATE_INFOPLIST_FILE = YES;
				MARKETING_VERSION = 1.0;
				PRODUCT_BUNDLE_IDENTIFIER = jp.wings.apps.QuizUITests;
				PRODUCT_NAME = "$(TARGET_NAME)";
				SWIFT_EMIT_LOC_STRINGS = NO;
				SWIFT_VERSION = 5.0;
				TARGETED_DEVICE_FAMILY = "1,2";
				TEST_TARGET_NAME = Quiz;
			};
			name = Release;
		};
/* End XCBuildConfiguration section */

/* Begin XCConfigurationList section */
		93515EBC2B2940540054B257 /* Build configuration list for PBXProject "Quiz" */ = {
			isa = XCConfigurationList;
			buildConfigurations = (
				93515EE92B2940560054B257 /* Debug */,
				93515EEA2B2940560054B257 /* Release */,
			);
			defaultConfigurationIsVisible = 0;
			defaultConfigurationName = Release;
		};
		93515EEB2B2940560054B257 /* Build configuration list for PBXNativeTarget "Quiz" */ = {
			isa = XCConfigurationList;
			buildConfigurations = (
				93515EEC2B2940560054B257 /* Debug */,
				93515EED2B2940560054B257 /* Release */,
			);
			defaultConfigurationIsVisible = 0;
			defaultConfigurationName = Release;
		};
		93515EEE2B2940560054B257 /* Build configuration list for PBXNativeTarget "QuizTests" */ = {
			isa = XCConfigurationList;
			buildConfigurations = (
				93515EEF2B2940560054B257 /* Debug */,
				93515EF02B2940560054B257 /* Release */,
			);
			defaultConfigurationIsVisible = 0;
			defaultConfigurationName = Release;
		};
		93515EF12B2940560054B257 /* Build configuration list for PBXNativeTarget "QuizUITests" */ = {
			isa = XCConfigurationList;
			buildConfigurations = (
				93515EF22B2940560054B257 /* Debug */,
				93515EF32B2940560054B257 /* Release */,
			);
			defaultConfigurationIsVisible = 0;
			defaultConfigurationName = Release;
		};
/* End XCConfigurationList section */
	};
	rootObject = 93515EB92B2940540054B257 /* Project object */;
}
